// !$*UTF8*$!
{
	archiveVersion = 1;
	classes = {
	};
	objectVersion = 55;
	objects = {

/* Begin PBXBuildFile section */
		BFC7F16227C692E30076EF49 /* DiaryCell.swift in Sources */ = {isa = PBXBuildFile; fileRef = BFC7F16127C692E30076EF49 /* DiaryCell.swift */; };
		BFC7F16427C6982D0076EF49 /* Diary.swift in Sources */ = {isa = PBXBuildFile; fileRef = BFC7F16327C6982D0076EF49 /* Diary.swift */; };
		BFC8AFC027C4D1BA00A03774 /* AppDelegate.swift in Sources */ = {isa = PBXBuildFile; fileRef = BFC8AFBF27C4D1BA00A03774 /* AppDelegate.swift */; };
		BFC8AFC227C4D1BA00A03774 /* SceneDelegate.swift in Sources */ = {isa = PBXBuildFile; fileRef = BFC8AFC127C4D1BA00A03774 /* SceneDelegate.swift */; };
		BFC8AFC427C4D1BA00A03774 /* ViewController.swift in Sources */ = {isa = PBXBuildFile; fileRef = BFC8AFC327C4D1BA00A03774 /* ViewController.swift */; };
		BFC8AFC727C4D1BA00A03774 /* Main.storyboard in Resources */ = {isa = PBXBuildFile; fileRef = BFC8AFC527C4D1BA00A03774 /* Main.storyboard */; };
		BFC8AFC927C4D1BB00A03774 /* Assets.xcassets in Resources */ = {isa = PBXBuildFile; fileRef = BFC8AFC827C4D1BB00A03774 /* Assets.xcassets */; };
		BFC8AFCC27C4D1BB00A03774 /* LaunchScreen.storyboard in Resources */ = {isa = PBXBuildFile; fileRef = BFC8AFCA27C4D1BB00A03774 /* LaunchScreen.storyboard */; };
/* End PBXBuildFile section */

/* Begin PBXFileReference section */
		BFC7F16127C692E30076EF49 /* DiaryCell.swift */ = {isa = PBXFileReference; lastKnownFileType = sourcecode.swift; path = DiaryCell.swift; sourceTree = "<group>"; };
		BFC7F16327C6982D0076EF49 /* Diary.swift */ = {isa = PBXFileReference; lastKnownFileType = sourcecode.swift; path = Diary.swift; sourceTree = "<group>"; };
		BFC8AFBC27C4D1BA00A03774 /* S_Diary.app */ = {isa = PBXFileReference; explicitFileType = wrapper.application; includeInIndex = 0; path = S_Diary.app; sourceTree = BUILT_PRODUCTS_DIR; };
		BFC8AFBF27C4D1BA00A03774 /* AppDelegate.swift */ = {isa = PBXFileReference; lastKnownFileType = sourcecode.swift; path = AppDelegate.swift; sourceTree = "<group>"; };
		BFC8AFC127C4D1BA00A03774 /* SceneDelegate.swift */ = {isa = PBXFileReference; lastKnownFileType = sourcecode.swift; path = SceneDelegate.swift; sourceTree = "<group>"; };
		BFC8AFC327C4D1BA00A03774 /* ViewController.swift */ = {isa = PBXFileReference; lastKnownFileType = sourcecode.swift; path = ViewController.swift; sourceTree = "<group>"; };
		BFC8AFC627C4D1BA00A03774 /* Base */ = {isa = PBXFileReference; lastKnownFileType = file.storyboard; name = Base; path = Base.lproj/Main.storyboard; sourceTree = "<group>"; };
		BFC8AFC827C4D1BB00A03774 /* Assets.xcassets */ = {isa = PBXFileReference; lastKnownFileType = folder.assetcatalog; path = Assets.xcassets; sourceTree = "<group>"; };
		BFC8AFCB27C4D1BB00A03774 /* Base */ = {isa = PBXFileReference; lastKnownFileType = file.storyboard; name = Base; path = Base.lproj/LaunchScreen.storyboard; sourceTree = "<group>"; };
		BFC8AFCD27C4D1BB00A03774 /* Info.plist */ = {isa = PBXFileReference; lastKnownFileType = text.plist.xml; path = Info.plist; sourceTree = "<group>"; };
/* End PBXFileReference section */

/* Begin PBXFrameworksBuildPhase section */
		BFC8AFB927C4D1BA00A03774 /* Frameworks */ = {
			isa = PBXFrameworksBuildPhase;
			buildActionMask = 2147483647;
			files = (
			);
			runOnlyForDeploymentPostprocessing = 0;
		};
/* End PBXFrameworksBuildPhase section */

/* Begin PBXGroup section */
		BFC8AFB327C4D1BA00A03774 = {
			isa = PBXGroup;
			children = (
				BFC8AFBE27C4D1BA00A03774 /* S_Diary */,
				BFC8AFBD27C4D1BA00A03774 /* Products */,
			);
			sourceTree = "<group>";
		};
		BFC8AFBD27C4D1BA00A03774 /* Products */ = {
			isa = PBXGroup;
			children = (
				BFC8AFBC27C4D1BA00A03774 /* S_Diary.app */,
			);
			name = Products;
			sourceTree = "<group>";
		};
		BFC8AFBE27C4D1BA00A03774 /* S_Diary */ = {
			isa = PBXGroup;
			children = (
				BFC8AFBF27C4D1BA00A03774 /* AppDelegate.swift */,
				BFC8AFC127C4D1BA00A03774 /* SceneDelegate.swift */,
				BFC8AFC327C4D1BA00A03774 /* ViewController.swift */,
				BFC8AFC527C4D1BA00A03774 /* Main.storyboard */,
				BFC8AFC827C4D1BB00A03774 /* Assets.xcassets */,
				BFC8AFCA27C4D1BB00A03774 /* LaunchScreen.storyboard */,
				BFC8AFCD27C4D1BB00A03774 /* Info.plist */,
				BFC7F16127C692E30076EF49 /* DiaryCell.swift */,
				BFC7F16327C6982D0076EF49 /* Diary.swift */,
			);
			path = S_Diary;
			sourceTree = "<group>";
		};
/* End PBXGroup section */

/* Begin PBXNativeTarget section */
		BFC8AFBB27C4D1BA00A03774 /* S_Diary */ = {
			isa = PBXNativeTarget;
			buildConfigurationList = BFC8AFD027C4D1BB00A03774 /* Build configuration list for PBXNativeTarget "S_Diary" */;
			buildPhases = (
				BFC8AFB827C4D1BA00A03774 /* Sources */,
				BFC8AFB927C4D1BA00A03774 /* Frameworks */,
				BFC8AFBA27C4D1BA00A03774 /* Resources */,
			);
			buildRules = (
			);
			dependencies = (
			);
			name = S_Diary;
			productName = S_Diary;
			productReference = BFC8AFBC27C4D1BA00A03774 /* S_Diary.app */;
			productType = "com.apple.product-type.application";
		};
/* End PBXNativeTarget section */

/* Begin PBXProject section */
		BFC8AFB427C4D1BA00A03774 /* Project object */ = {
			isa = PBXProject;
			attributes = {
				BuildIndependentTargetsInParallel = 1;
				LastSwiftUpdateCheck = 1320;
				LastUpgradeCheck = 1320;
				TargetAttributes = {
					BFC8AFBB27C4D1BA00A03774 = {
						CreatedOnToolsVersion = 13.2.1;
					};
				};
			};
			buildConfigurationList = BFC8AFB727C4D1BA00A03774 /* Build configuration list for PBXProject "S_Diary" */;
			compatibilityVersion = "Xcode 13.0";
			developmentRegion = en;
			hasScannedForEncodings = 0;
			knownRegions = (
				en,
				Base,
			);
			mainGroup = BFC8AFB327C4D1BA00A03774;
			productRefGroup = BFC8AFBD27C4D1BA00A03774 /* Products */;
			projectDirPath = "";
			projectRoot = "";
			targets = (
				BFC8AFBB27C4D1BA00A03774 /* S_Diary */,
			);
		};
/* End PBXProject section */

/* Begin PBXResourcesBuildPhase section */
		BFC8AFBA27C4D1BA00A03774 /* Resources */ = {
			isa = PBXResourcesBuildPhase;
			buildActionMask = 2147483647;
			files = (
				BFC8AFCC27C4D1BB00A03774 /* LaunchScreen.storyboard in Resources */,
				BFC8AFC927C4D1BB00A03774 /* Assets.xcassets in Resources */,
				BFC8AFC727C4D1BA00A03774 /* Main.storyboard in Resources */,
			);
			runOnlyForDeploymentPostprocessing = 0;
		};
/* End PBXResourcesBuildPhase section */

/* Begin PBXSourcesBuildPhase section */
		BFC8AFB827C4D1BA00A03774 /* Sources */ = {
			isa = PBXSourcesBuildPhase;
			buildActionMask = 2147483647;
			files = (
				BFC8AFC427C4D1BA00A03774 /* ViewController.swift in Sources */,
				BFC7F16427C6982D0076EF49 /* Diary.swift in Sources */,
				BFC8AFC027C4D1BA00A03774 /* AppDelegate.swift in Sources */,
				BFC8AFC227C4D1BA00A03774 /* SceneDelegate.swift in Sources */,
				BFC7F16227C692E30076EF49 /* DiaryCell.swift in Sources */,
			);
			runOnlyForDeploymentPostprocessing = 0;
		};
/* End PBXSourcesBuildPhase section */

/* Begin PBXVariantGroup section */
		BFC8AFC527C4D1BA00A03774 /* Main.storyboard */ = {
			isa = PBXVariantGroup;
			children = (
				BFC8AFC627C4D1BA00A03774 /* Base */,
			);
			name = Main.storyboard;
			sourceTree = "<group>";
		};
		BFC8AFCA27C4D1BB00A03774 /* LaunchScreen.storyboard */ = {
			isa = PBXVariantGroup;
			children = (
				BFC8AFCB27C4D1BB00A03774 /* Base */,
			);
			name = LaunchScreen.storyboard;
			sourceTree = "<group>";
		};
/* End PBXVariantGroup section */

/* Begin XCBuildConfiguration section */
		BFC8AFCE27C4D1BB00A03774 /* Debug */ = {
			isa = XCBuildConfiguration;
			buildSettings = {
				ALWAYS_SEARCH_USER_PATHS = NO;
				CLANG_ANALYZER_NONNULL = YES;
				CLANG_ANALYZER_NUMBER_OBJECT_CONVERSION = YES_AGGRESSIVE;
				CLANG_CXX_LANGUAGE_STANDARD = "gnu++17";
				CLANG_CXX_LIBRARY = "libc++";
				CLANG_ENABLE_MODULES = YES;
				CLANG_ENABLE_OBJC_ARC = YES;
				CLANG_ENABLE_OBJC_WEAK = YES;
				CLANG_WARN_BLOCK_CAPTURE_AUTORELEASING = YES;
				CLANG_WARN_BOOL_CONVERSION = YES;
				CLANG_WARN_COMMA = YES;
				CLANG_WARN_CONSTANT_CONVERSION = YES;
				CLANG_WARN_DEPRECATED_OBJC_IMPLEMENTATIONS = YES;
				CLANG_WARN_DIRECT_OBJC_ISA_USAGE = YES_ERROR;
				CLANG_WARN_DOCUMENTATION_COMMENTS = YES;
				CLANG_WARN_EMPTY_BODY = YES;
				CLANG_WARN_ENUM_CONVERSION = YES;
				CLANG_WARN_INFINITE_RECURSION = YES;
				CLANG_WARN_INT_CONVERSION = YES;
				CLANG_WARN_NON_LITERAL_NULL_CONVERSION = YES;
				CLANG_WARN_OBJC_IMPLICIT_RETAIN_SELF = YES;
				CLANG_WARN_OBJC_LITERAL_CONVERSION = YES;
				CLANG_WARN_OBJC_ROOT_CLASS = YES_ERROR;
				CLANG_WARN_QUOTED_INCLUDE_IN_FRAMEWORK_HEADER = YES;
				CLANG_WARN_RANGE_LOOP_ANALYSIS = YES;
				CLANG_WARN_STRICT_PROTOTYPES = YES;
				CLANG_WARN_SUSPICIOUS_MOVE = YES;
				CLANG_WARN_UNGUARDED_AVAILABILITY = YES_AGGRESSIVE;
				CLANG_WARN_UNREACHABLE_CODE = YES;
				CLANG_WARN__DUPLICATE_METHOD_MATCH = YES;
				COPY_PHASE_STRIP = NO;
				DEBUG_INFORMATION_FORMAT = dwarf;
				ENABLE_STRICT_OBJC_MSGSEND = YES;
				ENABLE_TESTABILITY = YES;
				GCC_C_LANGUAGE_STANDARD = gnu11;
				GCC_DYNAMIC_NO_PIC = NO;
				GCC_NO_COMMON_BLOCKS = YES;
				GCC_OPTIMIZATION_LEVEL = 0;
				GCC_PREPROCESSOR_DEFINITIONS = (
					"DEBUG=1",
					"$(inherited)",
				);
				GCC_WARN_64_TO_32_BIT_CONVERSION = YES;
				GCC_WARN_ABOUT_RETURN_TYPE = YES_ERROR;
				GCC_WARN_UNDECLARED_SELECTOR = YES;
				GCC_WARN_UNINITIALIZED_AUTOS = YES_AGGRESSIVE;
				GCC_WARN_UNUSED_FUNCTION = YES;
				GCC_WARN_UNUSED_VARIABLE = YES;
				IPHONEOS_DEPLOYMENT_TARGET = 15.2;
				MTL_ENABLE_DEBUG_INFO = INCLUDE_SOURCE;
				MTL_FAST_MATH = YES;
				ONLY_ACTIVE_ARCH = YES;
				SDKROOT = iphoneos;
				SWIFT_ACTIVE_COMPILATION_CONDITIONS = DEBUG;
				SWIFT_OPTIMIZATION_LEVEL = "-Onone";
			};
			name = Debug;
		};
		BFC8AFCF27C4D1BB00A03774 /* Release */ = {
			isa = XCBuildConfiguration;
			buildSettings = {
				ALWAYS_SEARCH_USER_PATHS = NO;
				CLANG_ANALYZER_NONNULL = YES;
				CLANG_ANALYZER_NUMBER_OBJECT_CONVERSION = YES_AGGRESSIVE;
				CLANG_CXX_LANGUAGE_STANDARD = "gnu++17";
				CLANG_CXX_LIBRARY = "libc++";
				CLANG_ENABLE_MODULES = YES;
				CLANG_ENABLE_OBJC_ARC = YES;
				CLANG_ENABLE_OBJC_WEAK = YES;
				CLANG_WARN_BLOCK_CAPTURE_AUTORELEASING = YES;
				CLANG_WARN_BOOL_CONVERSION = YES;
				CLANG_WARN_COMMA = YES;
				CLANG_WARN_CONSTANT_CONVERSION = YES;
				CLANG_WARN_DEPRECATED_OBJC_IMPLEMENTATIONS = YES;
				CLANG_WARN_DIRECT_OBJC_ISA_USAGE = YES_ERROR;
				CLANG_WARN_DOCUMENTATION_COMMENTS = YES;
				CLANG_WARN_EMPTY_BODY = YES;
				CLANG_WARN_ENUM_CONVERSION = YES;
				CLANG_WARN_INFINITE_RECURSION = YES;
				CLANG_WARN_INT_CONVERSION = YES;
				CLANG_WARN_NON_LITERAL_NULL_CONVERSION = YES;
				CLANG_WARN_OBJC_IMPLICIT_RETAIN_SELF = YES;
				CLANG_WARN_OBJC_LITERAL_CONVERSION = YES;
				CLANG_WARN_OBJC_ROOT_CLASS = YES_ERROR;
				CLANG_WARN_QUOTED_INCLUDE_IN_FRAMEWORK_HEADER = YES;
				CLANG_WARN_RANGE_LOOP_ANALYSIS = YES;
				CLANG_WARN_STRICT_PROTOTYPES = YES;
				CLANG_WARN_SUSPICIOUS_MOVE = YES;
				CLANG_WARN_UNGUARDED_AVAILABILITY = YES_AGGRESSIVE;
				CLANG_WARN_UNREACHABLE_CODE = YES;
				CLANG_WARN__DUPLICATE_METHOD_MATCH = YES;
				COPY_PHASE_STRIP = NO;
				DEBUG_INFORMATION_FORMAT = "dwarf-with-dsym";
				ENABLE_NS_ASSERTIONS = NO;
				ENABLE_STRICT_OBJC_MSGSEND = YES;
				GCC_C_LANGUAGE_STANDARD = gnu11;
				GCC_NO_COMMON_BLOCKS = YES;
				GCC_WARN_64_TO_32_BIT_CONVERSION = YES;
				GCC_WARN_ABOUT_RETURN_TYPE = YES_ERROR;
				GCC_WARN_UNDECLARED_SELECTOR = YES;
				GCC_WARN_UNINITIALIZED_AUTOS = YES_AGGRESSIVE;
				GCC_WARN_UNUSED_FUNCTION = YES;
				GCC_WARN_UNUSED_VARIABLE = YES;
				IPHONEOS_DEPLOYMENT_TARGET = 15.2;
				MTL_ENABLE_DEBUG_INFO = NO;
				MTL_FAST_MATH = YES;
				SDKROOT = iphoneos;
				SWIFT_COMPILATION_MODE = wholemodule;
				SWIFT_OPTIMIZATION_LEVEL = "-O";
				VALIDATE_PRODUCT = YES;
			};
			name = Release;
		};
		BFC8AFD127C4D1BB00A03774 /* Debug */ = {
			isa = XCBuildConfiguration;
			buildSettings = {
				ASSETCATALOG_COMPILER_APPICON_NAME = AppIcon;
				ASSETCATALOG_COMPILER_GLOBAL_ACCENT_COLOR_NAME = AccentColor;
				CODE_SIGN_STYLE = Automatic;
				CURRENT_PROJECT_VERSION = 1;
				DEVELOPMENT_TEAM = A4YL85FB4L;
				GENERATE_INFOPLIST_FILE = YES;
				INFOPLIST_FILE = S_Diary/Info.plist;
				INFOPLIST_KEY_UIApplicationSupportsIndirectInputEvents = YES;
				INFOPLIST_KEY_UILaunchStoryboardName = LaunchScreen;
				INFOPLIST_KEY_UIMainStoryboardFile = Main;
				INFOPLIST_KEY_UISupportedInterfaceOrientations_iPad = "UIInterfaceOrientationPortrait UIInterfaceOrientationPortraitUpsideDown UIInterfaceOrientationLandscapeLeft UIInterfaceOrientationLandscapeRight";
				INFOPLIST_KEY_UISupportedInterfaceOrientations_iPhone = "UIInterfaceOrientationPortrait UIInterfaceOrientationLandscapeLeft UIInterfaceOrientationLandscapeRight";
				LD_RUNPATH_SEARCH_PATHS = (
					"$(inherited)",
					"@executable_path/Frameworks",
				);
				MARKETING_VERSION = 1.0;
				PRODUCT_BUNDLE_IDENTIFIER = "kr.junhyeon.S-Diary";
				PRODUCT_NAME = "$(TARGET_NAME)";
				SWIFT_EMIT_LOC_STRINGS = YES;
				SWIFT_VERSION = 5.0;
				TARGETED_DEVICE_FAMILY = "1,2";
			};
			name = Debug;
		};
		BFC8AFD227C4D1BB00A03774 /* Release */ = {
			isa = XCBuildConfiguration;
			buildSettings = {
				ASSETCATALOG_COMPILER_APPICON_NAME = AppIcon;
				ASSETCATALOG_COMPILER_GLOBAL_ACCENT_COLOR_NAME = AccentColor;
				CODE_SIGN_STYLE = Automatic;
				CURRENT_PROJECT_VERSION = 1;
				DEVELOPMENT_TEAM = A4YL85FB4L;
				GENERATE_INFOPLIST_FILE = YES;
				INFOPLIST_FILE = S_Diary/Info.plist;
				INFOPLIST_KEY_UIApplicationSupportsIndirectInputEvents = YES;
				INFOPLIST_KEY_UILaunchStoryboardName = LaunchScreen;
				INFOPLIST_KEY_UIMainStoryboardFile = Main;
				INFOPLIST_KEY_UISupportedInterfaceOrientations_iPad = "UIInterfaceOrientationPortrait UIInterfaceOrientationPortraitUpsideDown UIInterfaceOrientationLandscapeLeft UIInterfaceOrientationLandscapeRight";
				INFOPLIST_KEY_UISupportedInterfaceOrientations_iPhone = "UIInterfaceOrientationPortrait UIInterfaceOrientationLandscapeLeft UIInterfaceOrientationLandscapeRight";
				LD_RUNPATH_SEARCH_PATHS = (
					"$(inherited)",
					"@executable_path/Frameworks",
				);
				MARKETING_VERSION = 1.0;
				PRODUCT_BUNDLE_IDENTIFIER = "kr.junhyeon.S-Diary";
				PRODUCT_NAME = "$(TARGET_NAME)";
				SWIFT_EMIT_LOC_STRINGS = YES;
				SWIFT_VERSION = 5.0;
				TARGETED_DEVICE_FAMILY = "1,2";
			};
			name = Release;
		};
/* End XCBuildConfiguration section */

/* Begin XCConfigurationList section */
		BFC8AFB727C4D1BA00A03774 /* Build configuration list for PBXProject "S_Diary" */ = {
			isa = XCConfigurationList;
			buildConfigurations = (
				BFC8AFCE27C4D1BB00A03774 /* Debug */,
				BFC8AFCF27C4D1BB00A03774 /* Release */,
			);
			defaultConfigurationIsVisible = 0;
			defaultConfigurationName = Release;
		};
		BFC8AFD027C4D1BB00A03774 /* Build configuration list for PBXNativeTarget "S_Diary" */ = {
			isa = XCConfigurationList;
			buildConfigurations = (
				BFC8AFD127C4D1BB00A03774 /* Debug */,
				BFC8AFD227C4D1BB00A03774 /* Release */,
			);
			defaultConfigurationIsVisible = 0;
			defaultConfigurationName = Release;
		};
/* End XCConfigurationList section */
	};
	rootObject = BFC8AFB427C4D1BA00A03774 /* Project object */;
}
